# This file was autogenerated by Stack.
# You should not edit this file by hand.
# For more information, please see the documentation at:
#   https://docs.haskellstack.org/en/stable/lock_files

packages:
- completed:
    hackage: split-0.2.3.3@sha256:64c8e45b8f74dc16b6329d99d9d9b1c47d6abae146d7d7e3ec3317dcb5660bb1,2615
    pantry-tree:
      size: 439
      sha256: ff3e20c0927928739a86e15f9b2c160353a4c4d57ca336b9630e31e7e617e2a8
  original:
    hackage: split-0.2.3.3
- completed:
    hackage: vector-0.12.0.3@sha256:1422b0bcf4e7675116ca8d9f473bf239850c58c4518a56010e3bfebeac345ace,7171
    pantry-tree:
      size: 3429
      sha256: 1adb067bf4b6abf2269a369e18016e5a0e6c40b876aa64dfea9f47547d915ef6
  original:
    hackage: vector-0.12.0.3
snapshots:
- completed:
    size: 524804
    url: https://raw.githubusercontent.com/commercialhaskell/stackage-snapshots/master/lts/14/16.yaml
    sha256: 4d1519a4372d051d47a5eae2241cf3fb54e113d7475f89707ddb6ec06add2888
  original: lts-14.16
